
Microsoft Visual Studio Solution File, Format Version 12.00
# Visual Studio 15
VisualStudioVersion = 15.0.27428.2015
MinimumVisualStudioVersion = 10.0.40219.1
Project("{FAE04EC0-301F-11D3-BF4B-00C04F79EFBC}") = "ruletav1.Android", "ruletav1\ruletav1.Android\ruletav1.Android.csproj", "{4B1CC682-99B7-449B-A097-6EF11F39EEEF}"
EndProject
Project("{FAE04EC0-301F-11D3-BF4B-00C04F79EFBC}") = "ruletav1.iOS", "ruletav1\ruletav1.iOS\ruletav1.iOS.csproj", "{2CE458AE-53EF-4EAA-8FAA-46FD0281DF90}"
EndProject
Project("{FAE04EC0-301F-11D3-BF4B-00C04F79EFBC}") = "ruletav1", "ruletav1\ruletav1\ruletav1.csproj", "{122D9139-29E4-49B6-A434-1F3BF430FCD7}"
EndProject
Global
	GlobalSection(SolutionConfigurationPlatforms) = preSolution
		Ad-Hoc|Any CPU = Ad-Hoc|Any CPU
		Ad-Hoc|iPhone = Ad-Hoc|iPhone
		Ad-Hoc|iPhoneSimulator = Ad-Hoc|iPhoneSimulator
		AppStore|Any CPU = AppStore|Any CPU
		AppStore|iPhone = AppStore|iPhone
		AppStore|iPhoneSimulator = AppStore|iPhoneSimulator
		Debug|Any CPU = Debug|Any CPU
		Debug|iPhone = Debug|iPhone
		Debug|iPhoneSimulator = Debug|iPhoneSimulator
		Release|Any CPU = Release|Any CPU
		Release|iPhone = Release|iPhone
		Release|iPhoneSimulator = Release|iPhoneSimulator
	EndGlobalSection
	GlobalSection(ProjectConfigurationPlatforms) = postSolution
		{4B1CC682-99B7-449B-A097-6EF11F39EEEF}.Ad-Hoc|Any CPU.ActiveCfg = Release|Any CPU
		{4B1CC682-99B7-449B-A097-6EF11F39EEEF}.Ad-Hoc|Any CPU.Build.0 = Release|Any CPU
		{4B1CC682-99B7-449B-A097-6EF11F39EEEF}.Ad-Hoc|Any CPU.Deploy.0 = Release|Any CPU
		{4B1CC682-99B7-449B-A097-6EF11F39EEEF}.Ad-Hoc|iPhone.ActiveCfg = Release|Any CPU
		{4B1CC682-99B7-449B-A097-6EF11F39EEEF}.Ad-Hoc|iPhone.Build.0 = Release|Any CPU
		{4B1CC682-99B7-449B-A097-6EF11F39EEEF}.Ad-Hoc|iPhone.Deploy.0 = Release|Any CPU
		{4B1CC682-99B7-449B-A097-6EF11F39EEEF}.Ad-Hoc|iPhoneSimulator.ActiveCfg = Release|Any CPU
		{4B1CC682-99B7-449B-A097-6EF11F39EEEF}.Ad-Hoc|iPhoneSimulator.Build.0 = Release|Any CPU
		{4B1CC682-99B7-449B-A097-6EF11F39EEEF}.Ad-Hoc|iPhoneSimulator.Deploy.0 = Release|Any CPU
		{4B1CC682-99B7-449B-A097-6EF11F39EEEF}.AppStore|Any CPU.ActiveCfg = Release|Any CPU
		{4B1CC682-99B7-449B-A097-6EF11F39EEEF}.AppStore|Any CPU.Build.0 = Release|Any CPU
		{4B1CC682-99B7-449B-A097-6EF11F39EEEF}.AppStore|Any CPU.Deploy.0 = Release|Any CPU
		{4B1CC682-99B7-449B-A097-6EF11F39EEEF}.AppStore|iPhone.ActiveCfg = Release|Any CPU
		{4B1CC682-99B7-449B-A097-6EF11F39EEEF}.AppStore|iPhone.Build.0 = Release|Any CPU
		{4B1CC682-99B7-449B-A097-6EF11F39EEEF}.AppStore|iPhone.Deploy.0 = Release|Any CPU
		{4B1CC682-99B7-449B-A097-6EF11F39EEEF}.AppStore|iPhoneSimulator.ActiveCfg = Release|Any CPU
		{4B1CC682-99B7-449B-A097-6EF11F39EEEF}.AppStore|iPhoneSimulator.Build.0 = Release|Any CPU
		{4B1CC682-99B7-449B-A097-6EF11F39EEEF}.AppStore|iPhoneSimulator.Deploy.0 = Release|Any CPU
		{4B1CC682-99B7-449B-A097-6EF11F39EEEF}.Debug|Any CPU.ActiveCfg = Debug|Any CPU
		{4B1CC682-99B7-449B-A097-6EF11F39EEEF}.Debug|Any CPU.Build.0 = Debug|Any CPU
		{4B1CC682-99B7-449B-A097-6EF11F39EEEF}.Debug|Any CPU.Deploy.0 = Debug|Any CPU
		{4B1CC682-99B7-449B-A097-6EF11F39EEEF}.Debug|iPhone.ActiveCfg = Debug|Any CPU
		{4B1CC682-99B7-449B-A097-6EF11F39EEEF}.Debug|iPhone.Build.0 = Debug|Any CPU
		{4B1CC682-99B7-449B-A097-6EF11F39EEEF}.Debug|iPhone.Deploy.0 = Debug|Any CPU
		{4B1CC682-99B7-449B-A097-6EF11F39EEEF}.Debug|iPhoneSimulator.ActiveCfg = Debug|Any CPU
		{4B1CC682-99B7-449B-A097-6EF11F39EEEF}.Debug|iPhoneSimulator.Build.0 = Debug|Any CPU
		{4B1CC682-99B7-449B-A097-6EF11F39EEEF}.Debug|iPhoneSimulator.Deploy.0 = Debug|Any CPU
		{4B1CC682-99B7-449B-A097-6EF11F39EEEF}.Release|Any CPU.ActiveCfg = Release|Any CPU
		{4B1CC682-99B7-449B-A097-6EF11F39EEEF}.Release|Any CPU.Build.0 = Release|Any CPU
		{4B1CC682-99B7-449B-A097-6EF11F39EEEF}.Release|Any CPU.Deploy.0 = Release|Any CPU
		{4B1CC682-99B7-449B-A097-6EF11F39EEEF}.Release|iPhone.ActiveCfg = Release|Any CPU
		{4B1CC682-99B7-449B-A097-6EF11F39EEEF}.Release|iPhone.Build.0 = Release|Any CPU
		{4B1CC682-99B7-449B-A097-6EF11F39EEEF}.Release|iPhone.Deploy.0 = Release|Any CPU
		{4B1CC682-99B7-449B-A097-6EF11F39EEEF}.Release|iPhoneSimulator.ActiveCfg = Release|Any CPU
		{4B1CC682-99B7-449B-A097-6EF11F39EEEF}.Release|iPhoneSimulator.Build.0 = Release|Any CPU
		{4B1CC682-99B7-449B-A097-6EF11F39EEEF}.Release|iPhoneSimulator.Deploy.0 = Release|Any CPU
		{2CE458AE-53EF-4EAA-8FAA-46FD0281DF90}.Ad-Hoc|Any CPU.ActiveCfg = Ad-Hoc|iPhone
		{2CE458AE-53EF-4EAA-8FAA-46FD0281DF90}.Ad-Hoc|iPhone.ActiveCfg = Ad-Hoc|iPhone
		{2CE458AE-53EF-4EAA-8FAA-46FD0281DF90}.Ad-Hoc|iPhone.Build.0 = Ad-Hoc|iPhone
		{2CE458AE-53EF-4EAA-8FAA-46FD0281DF90}.Ad-Hoc|iPhoneSimulator.ActiveCfg = Ad-Hoc|iPhoneSimulator
		{2CE458AE-53EF-4EAA-8FAA-46FD0281DF90}.Ad-Hoc|iPhoneSimulator.Build.0 = Ad-Hoc|iPhoneSimulator
		{2CE458AE-53EF-4EAA-8FAA-46FD0281DF90}.AppStore|Any CPU.ActiveCfg = AppStore|iPhone
		{2CE458AE-53EF-4EAA-8FAA-46FD0281DF90}.AppStore|iPhone.ActiveCfg = AppStore|iPhone
		{2CE458AE-53EF-4EAA-8FAA-46FD0281DF90}.AppStore|iPhone.Build.0 = AppStore|iPhone
		{2CE458AE-53EF-4EAA-8FAA-46FD0281DF90}.AppStore|iPhoneSimulator.ActiveCfg = AppStore|iPhoneSimulator
		{2CE458AE-53EF-4EAA-8FAA-46FD0281DF90}.AppStore|iPhoneSimulator.Build.0 = AppStore|iPhoneSimulator
		{2CE458AE-53EF-4EAA-8FAA-46FD0281DF90}.Debug|Any CPU.ActiveCfg = Debug|iPhone
		{2CE458AE-53EF-4EAA-8FAA-46FD0281DF90}.Debug|iPhone.ActiveCfg = Debug|iPhone
		{2CE458AE-53EF-4EAA-8FAA-46FD0281DF90}.Debug|iPhone.Build.0 = Debug|iPhone
		{2CE458AE-53EF-4EAA-8FAA-46FD0281DF90}.Debug|iPhoneSimulator.ActiveCfg = Debug|iPhoneSimulator
		{2CE458AE-53EF-4EAA-8FAA-46FD0281DF90}.Debug|iPhoneSimulator.Build.0 = Debug|iPhoneSimulator
		{2CE458AE-53EF-4EAA-8FAA-46FD0281DF90}.Release|Any CPU.ActiveCfg = Release|iPhone
		{2CE458AE-53EF-4EAA-8FAA-46FD0281DF90}.Release|iPhone.ActiveCfg = Release|iPhone
		{2CE458AE-53EF-4EAA-8FAA-46FD0281DF90}.Release|iPhone.Build.0 = Release|iPhone
		{2CE458AE-53EF-4EAA-8FAA-46FD0281DF90}.Release|iPhoneSimulator.ActiveCfg = Release|iPhoneSimulator
		{2CE458AE-53EF-4EAA-8FAA-46FD0281DF90}.Release|iPhoneSimulator.Build.0 = Release|iPhoneSimulator
		{122D9139-29E4-49B6-A434-1F3BF430FCD7}.Ad-Hoc|Any CPU.ActiveCfg = Debug|Any CPU
		{122D9139-29E4-49B6-A434-1F3BF430FCD7}.Ad-Hoc|Any CPU.Build.0 = Debug|Any CPU
		{122D9139-29E4-49B6-A434-1F3BF430FCD7}.Ad-Hoc|iPhone.ActiveCfg = Debug|Any CPU
		{122D9139-29E4-49B6-A434-1F3BF430FCD7}.Ad-Hoc|iPhone.Build.0 = Debug|Any CPU
		{122D9139-29E4-49B6-A434-1F3BF430FCD7}.Ad-Hoc|iPhoneSimulator.ActiveCfg = Debug|Any CPU
		{122D9139-29E4-49B6-A434-1F3BF430FCD7}.Ad-Hoc|iPhoneSimulator.Build.0 = Debug|Any CPU
		{122D9139-29E4-49B6-A434-1F3BF430FCD7}.AppStore|Any CPU.ActiveCfg = Debug|Any CPU
		{122D9139-29E4-49B6-A434-1F3BF430FCD7}.AppStore|Any CPU.Build.0 = Debug|Any CPU
		{122D9139-29E4-49B6-A434-1F3BF430FCD7}.AppStore|iPhone.ActiveCfg = Debug|Any CPU
		{122D9139-29E4-49B6-A434-1F3BF430FCD7}.AppStore|iPhone.Build.0 = Debug|Any CPU
		{122D9139-29E4-49B6-A434-1F3BF430FCD7}.AppStore|iPhoneSimulator.ActiveCfg = Debug|Any CPU
		{122D9139-29E4-49B6-A434-1F3BF430FCD7}.AppStore|iPhoneSimulator.Build.0 = Debug|Any CPU
		{122D9139-29E4-49B6-A434-1F3BF430FCD7}.Debug|Any CPU.ActiveCfg = Debug|Any CPU
		{122D9139-29E4-49B6-A434-1F3BF430FCD7}.Debug|Any CPU.Build.0 = Debug|Any CPU
		{122D9139-29E4-49B6-A434-1F3BF430FCD7}.Debug|iPhone.ActiveCfg = Debug|Any CPU
		{122D9139-29E4-49B6-A434-1F3BF430FCD7}.Debug|iPhone.Build.0 = Debug|Any CPU
		{122D9139-29E4-49B6-A434-1F3BF430FCD7}.Debug|iPhoneSimulator.ActiveCfg = Debug|Any CPU
		{122D9139-29E4-49B6-A434-1F3BF430FCD7}.Debug|iPhoneSimulator.Build.0 = Debug|Any CPU
		{122D9139-29E4-49B6-A434-1F3BF430FCD7}.Release|Any CPU.ActiveCfg = Release|Any CPU
		{122D9139-29E4-49B6-A434-1F3BF430FCD7}.Release|Any CPU.Build.0 = Release|Any CPU
		{122D9139-29E4-49B6-A434-1F3BF430FCD7}.Release|iPhone.ActiveCfg = Release|Any CPU
		{122D9139-29E4-49B6-A434-1F3BF430FCD7}.Release|iPhone.Build.0 = Release|Any CPU
		{122D9139-29E4-49B6-A434-1F3BF430FCD7}.Release|iPhoneSimulator.ActiveCfg = Release|Any CPU
		{122D9139-29E4-49B6-A434-1F3BF430FCD7}.Release|iPhoneSimulator.Build.0 = Release|Any CPU
	EndGlobalSection
	GlobalSection(SolutionProperties) = preSolution
		HideSolutionNode = FALSE
	EndGlobalSection
	GlobalSection(ExtensibilityGlobals) = postSolution
		SolutionGuid = {D2BFF55B-FA2A-47E8-BF4E-319FF9EA222F}
	EndGlobalSection
EndGlobal
